// !$*UTF8*$!
{
	archiveVersion = 1;
	classes = {
	};
	objectVersion = 55;
	objects = {

/* Begin PBXBuildFile section */
		8B21E1D62887E7D300D6768C /* CoinModel.swift in Sources */ = {isa = PBXBuildFile; fileRef = 8B21E1D52887E7D300D6768C /* CoinModel.swift */; };
		8B21E1D82888160300D6768C /* CoinRowView.swift in Sources */ = {isa = PBXBuildFile; fileRef = 8B21E1D72888160300D6768C /* CoinRowView.swift */; };
		8B21E1DA2888166E00D6768C /* PreviewProvider.swift in Sources */ = {isa = PBXBuildFile; fileRef = 8B21E1D92888166E00D6768C /* PreviewProvider.swift */; };
		8B21E1DC28882D5000D6768C /* Double.swift in Sources */ = {isa = PBXBuildFile; fileRef = 8B21E1DB28882D5000D6768C /* Double.swift */; };
		8B5041552886B16600DF29C2 /* CryptoPlumberApp.swift in Sources */ = {isa = PBXBuildFile; fileRef = 8B5041542886B16600DF29C2 /* CryptoPlumberApp.swift */; };
		8B50415C2886B16A00DF29C2 /* Preview Assets.xcassets in Resources */ = {isa = PBXBuildFile; fileRef = 8B50415B2886B16A00DF29C2 /* Preview Assets.xcassets */; };
		8B5041632886B37700DF29C2 /* Assets.xcassets in Resources */ = {isa = PBXBuildFile; fileRef = 8B5041622886B37700DF29C2 /* Assets.xcassets */; };
		8B50416A2886B8D600DF29C2 /* Color.swift in Sources */ = {isa = PBXBuildFile; fileRef = 8B5041692886B8D600DF29C2 /* Color.swift */; };
		8B5041702886D2D800DF29C2 /* HomeView.swift in Sources */ = {isa = PBXBuildFile; fileRef = 8B50416F2886D2D800DF29C2 /* HomeView.swift */; };
		8B5041752886D46900DF29C2 /* CircleButtonView.swift in Sources */ = {isa = PBXBuildFile; fileRef = 8B5041742886D46900DF29C2 /* CircleButtonView.swift */; };
		8B5041772886D7FC00DF29C2 /* CircleButtonAnimationView.swift in Sources */ = {isa = PBXBuildFile; fileRef = 8B5041762886D7FC00DF29C2 /* CircleButtonAnimationView.swift */; };
/* End PBXBuildFile section */

/* Begin PBXFileReference section */
		8B21E1D32887DEC000D6768C /* README.md */ = {isa = PBXFileReference; lastKnownFileType = net.daringfireball.markdown; path = README.md; sourceTree = "<group>"; };
		8B21E1D52887E7D300D6768C /* CoinModel.swift */ = {isa = PBXFileReference; lastKnownFileType = sourcecode.swift; path = CoinModel.swift; sourceTree = "<group>"; };
		8B21E1D72888160300D6768C /* CoinRowView.swift */ = {isa = PBXFileReference; lastKnownFileType = sourcecode.swift; path = CoinRowView.swift; sourceTree = "<group>"; };
		8B21E1D92888166E00D6768C /* PreviewProvider.swift */ = {isa = PBXFileReference; lastKnownFileType = sourcecode.swift; path = PreviewProvider.swift; sourceTree = "<group>"; };
		8B21E1DB28882D5000D6768C /* Double.swift */ = {isa = PBXFileReference; lastKnownFileType = sourcecode.swift; path = Double.swift; sourceTree = "<group>"; };
		8B5041512886B16600DF29C2 /* CryptoPlumber.app */ = {isa = PBXFileReference; explicitFileType = wrapper.application; includeInIndex = 0; path = CryptoPlumber.app; sourceTree = BUILT_PRODUCTS_DIR; };
		8B5041542886B16600DF29C2 /* CryptoPlumberApp.swift */ = {isa = PBXFileReference; lastKnownFileType = sourcecode.swift; path = CryptoPlumberApp.swift; sourceTree = "<group>"; };
		8B50415B2886B16A00DF29C2 /* Preview Assets.xcassets */ = {isa = PBXFileReference; lastKnownFileType = folder.assetcatalog; path = "Preview Assets.xcassets"; sourceTree = "<group>"; };
		8B5041622886B37700DF29C2 /* Assets.xcassets */ = {isa = PBXFileReference; lastKnownFileType = folder.assetcatalog; path = Assets.xcassets; sourceTree = "<group>"; };
		8B5041692886B8D600DF29C2 /* Color.swift */ = {isa = PBXFileReference; lastKnownFileType = sourcecode.swift; path = Color.swift; sourceTree = "<group>"; };
		8B50416F2886D2D800DF29C2 /* HomeView.swift */ = {isa = PBXFileReference; lastKnownFileType = sourcecode.swift; path = HomeView.swift; sourceTree = "<group>"; };
		8B5041742886D46900DF29C2 /* CircleButtonView.swift */ = {isa = PBXFileReference; lastKnownFileType = sourcecode.swift; path = CircleButtonView.swift; sourceTree = "<group>"; };
		8B5041762886D7FC00DF29C2 /* CircleButtonAnimationView.swift */ = {isa = PBXFileReference; lastKnownFileType = sourcecode.swift; path = CircleButtonAnimationView.swift; sourceTree = "<group>"; };
/* End PBXFileReference section */

/* Begin PBXFrameworksBuildPhase section */
		8B50414E2886B16600DF29C2 /* Frameworks */ = {
			isa = PBXFrameworksBuildPhase;
			buildActionMask = 2147483647;
			files = (
			);
			runOnlyForDeploymentPostprocessing = 0;
		};
/* End PBXFrameworksBuildPhase section */

/* Begin PBXGroup section */
		8B21E1D42887E7B000D6768C /* Models */ = {
			isa = PBXGroup;
			children = (
				8B21E1D52887E7D300D6768C /* CoinModel.swift */,
			);
			path = Models;
			sourceTree = "<group>";
		};
		8B5041482886B16600DF29C2 = {
			isa = PBXGroup;
			children = (
				8B21E1D32887DEC000D6768C /* README.md */,
				8B5041532886B16600DF29C2 /* CryptoPlumber */,
				8B5041522886B16600DF29C2 /* Products */,
			);
			sourceTree = "<group>";
		};
		8B5041522886B16600DF29C2 /* Products */ = {
			isa = PBXGroup;
			children = (
				8B5041512886B16600DF29C2 /* CryptoPlumber.app */,
			);
			name = Products;
			sourceTree = "<group>";
		};
		8B5041532886B16600DF29C2 /* CryptoPlumber */ = {
			isa = PBXGroup;
			children = (
				8B5041622886B37700DF29C2 /* Assets.xcassets */,
				8B5041672886B8AE00DF29C2 /* App */,
				8B5041642886B86100DF29C2 /* Extensions */,
				8B21E1D42887E7B000D6768C /* Models */,
				8B50416B2886D27F00DF29C2 /* Core */,
				8B50415A2886B16A00DF29C2 /* Preview Content */,
			);
			path = CryptoPlumber;
			sourceTree = "<group>";
		};
		8B50415A2886B16A00DF29C2 /* Preview Content */ = {
			isa = PBXGroup;
			children = (
				8B50415B2886B16A00DF29C2 /* Preview Assets.xcassets */,
			);
			path = "Preview Content";
			sourceTree = "<group>";
		};
		8B5041642886B86100DF29C2 /* Extensions */ = {
			isa = PBXGroup;
			children = (
				8B5041692886B8D600DF29C2 /* Color.swift */,
				8B21E1D92888166E00D6768C /* PreviewProvider.swift */,
				8B21E1DB28882D5000D6768C /* Double.swift */,
			);
			path = Extensions;
			sourceTree = "<group>";
		};
		8B5041672886B8AE00DF29C2 /* App */ = {
			isa = PBXGroup;
			children = (
				8B5041542886B16600DF29C2 /* CryptoPlumberApp.swift */,
			);
			path = App;
			sourceTree = "<group>";
		};
		8B50416B2886D27F00DF29C2 /* Core */ = {
			isa = PBXGroup;
			children = (
				8B5041712886D43F00DF29C2 /* Components */,
				8B50416C2886D2A300DF29C2 /* Home */,
			);
			path = Core;
			sourceTree = "<group>";
		};
		8B50416C2886D2A300DF29C2 /* Home */ = {
			isa = PBXGroup;
			children = (
				8B50416E2886D2B000DF29C2 /* ViewModels */,
				8B50416D2886D2AB00DF29C2 /* Views */,
			);
			path = Home;
			sourceTree = "<group>";
		};
		8B50416D2886D2AB00DF29C2 /* Views */ = {
			isa = PBXGroup;
			children = (
				8B50416F2886D2D800DF29C2 /* HomeView.swift */,
				8B21E1D72888160300D6768C /* CoinRowView.swift */,
			);
			path = Views;
			sourceTree = "<group>";
		};
		8B50416E2886D2B000DF29C2 /* ViewModels */ = {
			isa = PBXGroup;
			children = (
			);
			path = ViewModels;
			sourceTree = "<group>";
		};
		8B5041712886D43F00DF29C2 /* Components */ = {
			isa = PBXGroup;
			children = (
				8B5041722886D45400DF29C2 /* CircleButton */,
			);
			path = Components;
			sourceTree = "<group>";
		};
		8B5041722886D45400DF29C2 /* CircleButton */ = {
			isa = PBXGroup;
			children = (
				8B5041742886D46900DF29C2 /* CircleButtonView.swift */,
				8B5041762886D7FC00DF29C2 /* CircleButtonAnimationView.swift */,
			);
			path = CircleButton;
			sourceTree = "<group>";
		};
/* End PBXGroup section */

/* Begin PBXNativeTarget section */
		8B5041502886B16600DF29C2 /* CryptoPlumber */ = {
			isa = PBXNativeTarget;
			buildConfigurationList = 8B50415F2886B16A00DF29C2 /* Build configuration list for PBXNativeTarget "CryptoPlumber" */;
			buildPhases = (
				8B50414D2886B16600DF29C2 /* Sources */,
				8B50414E2886B16600DF29C2 /* Frameworks */,
				8B50414F2886B16600DF29C2 /* Resources */,
			);
			buildRules = (
			);
			dependencies = (
			);
			name = CryptoPlumber;
			productName = CryptoPlumber;
			productReference = 8B5041512886B16600DF29C2 /* CryptoPlumber.app */;
			productType = "com.apple.product-type.application";
		};
/* End PBXNativeTarget section */

/* Begin PBXProject section */
		8B5041492886B16600DF29C2 /* Project object */ = {
			isa = PBXProject;
			attributes = {
				BuildIndependentTargetsInParallel = 1;
				LastSwiftUpdateCheck = 1340;
				LastUpgradeCheck = 1340;
				TargetAttributes = {
					8B5041502886B16600DF29C2 = {
						CreatedOnToolsVersion = 13.4.1;
					};
				};
			};
			buildConfigurationList = 8B50414C2886B16600DF29C2 /* Build configuration list for PBXProject "CryptoPlumber" */;
			compatibilityVersion = "Xcode 13.0";
			developmentRegion = en;
			hasScannedForEncodings = 0;
			knownRegions = (
				en,
				Base,
			);
			mainGroup = 8B5041482886B16600DF29C2;
			productRefGroup = 8B5041522886B16600DF29C2 /* Products */;
			projectDirPath = "";
			projectRoot = "";
			targets = (
				8B5041502886B16600DF29C2 /* CryptoPlumber */,
			);
		};
/* End PBXProject section */

/* Begin PBXResourcesBuildPhase section */
		8B50414F2886B16600DF29C2 /* Resources */ = {
			isa = PBXResourcesBuildPhase;
			buildActionMask = 2147483647;
			files = (
				8B5041632886B37700DF29C2 /* Assets.xcassets in Resources */,
				8B50415C2886B16A00DF29C2 /* Preview Assets.xcassets in Resources */,
			);
			runOnlyForDeploymentPostprocessing = 0;
		};
/* End PBXResourcesBuildPhase section */

/* Begin PBXSourcesBuildPhase section */
		8B50414D2886B16600DF29C2 /* Sources */ = {
			isa = PBXSourcesBuildPhase;
			buildActionMask = 2147483647;
			files = (
				8B5041702886D2D800DF29C2 /* HomeView.swift in Sources */,
				8B5041552886B16600DF29C2 /* CryptoPlumberApp.swift in Sources */,
				8B5041772886D7FC00DF29C2 /* CircleButtonAnimationView.swift in Sources */,
				8B5041752886D46900DF29C2 /* CircleButtonView.swift in Sources */,
				8B21E1D62887E7D300D6768C /* CoinModel.swift in Sources */,
				8B21E1DA2888166E00D6768C /* PreviewProvider.swift in Sources */,
				8B21E1D82888160300D6768C /* CoinRowView.swift in Sources */,
				8B21E1DC28882D5000D6768C /* Double.swift in Sources */,
				8B50416A2886B8D600DF29C2 /* Color.swift in Sources */,
			);
			runOnlyForDeploymentPostprocessing = 0;
		};
/* End PBXSourcesBuildPhase section */

/* Begin XCBuildConfiguration section */
		8B50415D2886B16A00DF29C2 /* Debug */ = {
			isa = XCBuildConfiguration;
			buildSettings = {
				ALWAYS_SEARCH_USER_PATHS = NO;
				CLANG_ANALYZER_NONNULL = YES;
				CLANG_ANALYZER_NUMBER_OBJECT_CONVERSION = YES_AGGRESSIVE;
				CLANG_CXX_LANGUAGE_STANDARD = "gnu++17";
				CLANG_ENABLE_MODULES = YES;
				CLANG_ENABLE_OBJC_ARC = YES;
				CLANG_ENABLE_OBJC_WEAK = YES;
				CLANG_WARN_BLOCK_CAPTURE_AUTORELEASING = YES;
				CLANG_WARN_BOOL_CONVERSION = YES;
				CLANG_WARN_COMMA = YES;
				CLANG_WARN_CONSTANT_CONVERSION = YES;
				CLANG_WARN_DEPRECATED_OBJC_IMPLEMENTATIONS = YES;
				CLANG_WARN_DIRECT_OBJC_ISA_USAGE = YES_ERROR;
				CLANG_WARN_DOCUMENTATION_COMMENTS = YES;
				CLANG_WARN_EMPTY_BODY = YES;
				CLANG_WARN_ENUM_CONVERSION = YES;
				CLANG_WARN_INFINITE_RECURSION = YES;
				CLANG_WARN_INT_CONVERSION = YES;
				CLANG_WARN_NON_LITERAL_NULL_CONVERSION = YES;
				CLANG_WARN_OBJC_IMPLICIT_RETAIN_SELF = YES;
				CLANG_WARN_OBJC_LITERAL_CONVERSION = YES;
				CLANG_WARN_OBJC_ROOT_CLASS = YES_ERROR;
				CLANG_WARN_QUOTED_INCLUDE_IN_FRAMEWORK_HEADER = YES;
				CLANG_WARN_RANGE_LOOP_ANALYSIS = YES;
				CLANG_WARN_STRICT_PROTOTYPES = YES;
				CLANG_WARN_SUSPICIOUS_MOVE = YES;
				CLANG_WARN_UNGUARDED_AVAILABILITY = YES_AGGRESSIVE;
				CLANG_WARN_UNREACHABLE_CODE = YES;
				CLANG_WARN__DUPLICATE_METHOD_MATCH = YES;
				COPY_PHASE_STRIP = NO;
				DEBUG_INFORMATION_FORMAT = dwarf;
				ENABLE_STRICT_OBJC_MSGSEND = YES;
				ENABLE_TESTABILITY = YES;
				GCC_C_LANGUAGE_STANDARD = gnu11;
				GCC_DYNAMIC_NO_PIC = NO;
				GCC_NO_COMMON_BLOCKS = YES;
				GCC_OPTIMIZATION_LEVEL = 0;
				GCC_PREPROCESSOR_DEFINITIONS = (
					"DEBUG=1",
					"$(inherited)",
				);
				GCC_WARN_64_TO_32_BIT_CONVERSION = YES;
				GCC_WARN_ABOUT_RETURN_TYPE = YES_ERROR;
				GCC_WARN_UNDECLARED_SELECTOR = YES;
				GCC_WARN_UNINITIALIZED_AUTOS = YES_AGGRESSIVE;
				GCC_WARN_UNUSED_FUNCTION = YES;
				GCC_WARN_UNUSED_VARIABLE = YES;
				IPHONEOS_DEPLOYMENT_TARGET = 15.5;
				MTL_ENABLE_DEBUG_INFO = INCLUDE_SOURCE;
				MTL_FAST_MATH = YES;
				ONLY_ACTIVE_ARCH = YES;
				SDKROOT = iphoneos;
				SWIFT_ACTIVE_COMPILATION_CONDITIONS = DEBUG;
				SWIFT_OPTIMIZATION_LEVEL = "-Onone";
			};
			name = Debug;
		};
		8B50415E2886B16A00DF29C2 /* Release */ = {
			isa = XCBuildConfiguration;
			buildSettings = {
				ALWAYS_SEARCH_USER_PATHS = NO;
				CLANG_ANALYZER_NONNULL = YES;
				CLANG_ANALYZER_NUMBER_OBJECT_CONVERSION = YES_AGGRESSIVE;
				CLANG_CXX_LANGUAGE_STANDARD = "gnu++17";
				CLANG_ENABLE_MODULES = YES;
				CLANG_ENABLE_OBJC_ARC = YES;
				CLANG_ENABLE_OBJC_WEAK = YES;
				CLANG_WARN_BLOCK_CAPTURE_AUTORELEASING = YES;
				CLANG_WARN_BOOL_CONVERSION = YES;
				CLANG_WARN_COMMA = YES;
				CLANG_WARN_CONSTANT_CONVERSION = YES;
				CLANG_WARN_DEPRECATED_OBJC_IMPLEMENTATIONS = YES;
				CLANG_WARN_DIRECT_OBJC_ISA_USAGE = YES_ERROR;
				CLANG_WARN_DOCUMENTATION_COMMENTS = YES;
				CLANG_WARN_EMPTY_BODY = YES;
				CLANG_WARN_ENUM_CONVERSION = YES;
				CLANG_WARN_INFINITE_RECURSION = YES;
				CLANG_WARN_INT_CONVERSION = YES;
				CLANG_WARN_NON_LITERAL_NULL_CONVERSION = YES;
				CLANG_WARN_OBJC_IMPLICIT_RETAIN_SELF = YES;
				CLANG_WARN_OBJC_LITERAL_CONVERSION = YES;
				CLANG_WARN_OBJC_ROOT_CLASS = YES_ERROR;
				CLANG_WARN_QUOTED_INCLUDE_IN_FRAMEWORK_HEADER = YES;
				CLANG_WARN_RANGE_LOOP_ANALYSIS = YES;
				CLANG_WARN_STRICT_PROTOTYPES = YES;
				CLANG_WARN_SUSPICIOUS_MOVE = YES;
				CLANG_WARN_UNGUARDED_AVAILABILITY = YES_AGGRESSIVE;
				CLANG_WARN_UNREACHABLE_CODE = YES;
				CLANG_WARN__DUPLICATE_METHOD_MATCH = YES;
				COPY_PHASE_STRIP = NO;
				DEBUG_INFORMATION_FORMAT = "dwarf-with-dsym";
				ENABLE_NS_ASSERTIONS = NO;
				ENABLE_STRICT_OBJC_MSGSEND = YES;
				GCC_C_LANGUAGE_STANDARD = gnu11;
				GCC_NO_COMMON_BLOCKS = YES;
				GCC_WARN_64_TO_32_BIT_CONVERSION = YES;
				GCC_WARN_ABOUT_RETURN_TYPE = YES_ERROR;
				GCC_WARN_UNDECLARED_SELECTOR = YES;
				GCC_WARN_UNINITIALIZED_AUTOS = YES_AGGRESSIVE;
				GCC_WARN_UNUSED_FUNCTION = YES;
				GCC_WARN_UNUSED_VARIABLE = YES;
				IPHONEOS_DEPLOYMENT_TARGET = 15.5;
				MTL_ENABLE_DEBUG_INFO = NO;
				MTL_FAST_MATH = YES;
				SDKROOT = iphoneos;
				SWIFT_COMPILATION_MODE = wholemodule;
				SWIFT_OPTIMIZATION_LEVEL = "-O";
				VALIDATE_PRODUCT = YES;
			};
			name = Release;
		};
		8B5041602886B16A00DF29C2 /* Debug */ = {
			isa = XCBuildConfiguration;
			buildSettings = {
				ASSETCATALOG_COMPILER_APPICON_NAME = AppIcon;
				ASSETCATALOG_COMPILER_GLOBAL_ACCENT_COLOR_NAME = AccentColor;
				CODE_SIGN_STYLE = Automatic;
				CURRENT_PROJECT_VERSION = 1;
				DEVELOPMENT_ASSET_PATHS = "\"CryptoPlumber/Preview Content\"";
				ENABLE_PREVIEWS = YES;
				GENERATE_INFOPLIST_FILE = YES;
				INFOPLIST_KEY_UIApplicationSceneManifest_Generation = YES;
				INFOPLIST_KEY_UIApplicationSupportsIndirectInputEvents = YES;
				INFOPLIST_KEY_UILaunchScreen_Generation = YES;
				INFOPLIST_KEY_UISupportedInterfaceOrientations = UIInterfaceOrientationPortrait;
				INFOPLIST_KEY_UISupportedInterfaceOrientations_iPad = "UIInterfaceOrientationPortrait UIInterfaceOrientationPortraitUpsideDown UIInterfaceOrientationLandscapeLeft UIInterfaceOrientationLandscapeRight";
				INFOPLIST_KEY_UISupportedInterfaceOrientations_iPhone = UIInterfaceOrientationPortrait;
				LD_RUNPATH_SEARCH_PATHS = (
					"$(inherited)",
					"@executable_path/Frameworks",
				);
				MARKETING_VERSION = 1.0;
				PRODUCT_BUNDLE_IDENTIFIER = com.rricamar.CryptoPlumber;
				PRODUCT_NAME = "$(TARGET_NAME)";
				SWIFT_EMIT_LOC_STRINGS = YES;
				SWIFT_VERSION = 5.0;
				TARGETED_DEVICE_FAMILY = "1,2";
			};
			name = Debug;
		};
		8B5041612886B16A00DF29C2 /* Release */ = {
			isa = XCBuildConfiguration;
			buildSettings = {
				ASSETCATALOG_COMPILER_APPICON_NAME = AppIcon;
				ASSETCATALOG_COMPILER_GLOBAL_ACCENT_COLOR_NAME = AccentColor;
				CODE_SIGN_STYLE = Automatic;
				CURRENT_PROJECT_VERSION = 1;
				DEVELOPMENT_ASSET_PATHS = "\"CryptoPlumber/Preview Content\"";
				ENABLE_PREVIEWS = YES;
				GENERATE_INFOPLIST_FILE = YES;
				INFOPLIST_KEY_UIApplicationSceneManifest_Generation = YES;
				INFOPLIST_KEY_UIApplicationSupportsIndirectInputEvents = YES;
				INFOPLIST_KEY_UILaunchScreen_Generation = YES;
				INFOPLIST_KEY_UISupportedInterfaceOrientations = UIInterfaceOrientationPortrait;
				INFOPLIST_KEY_UISupportedInterfaceOrientations_iPad = "UIInterfaceOrientationPortrait UIInterfaceOrientationPortraitUpsideDown UIInterfaceOrientationLandscapeLeft UIInterfaceOrientationLandscapeRight";
				INFOPLIST_KEY_UISupportedInterfaceOrientations_iPhone = UIInterfaceOrientationPortrait;
				LD_RUNPATH_SEARCH_PATHS = (
					"$(inherited)",
					"@executable_path/Frameworks",
				);
				MARKETING_VERSION = 1.0;
				PRODUCT_BUNDLE_IDENTIFIER = com.rricamar.CryptoPlumber;
				PRODUCT_NAME = "$(TARGET_NAME)";
				SWIFT_EMIT_LOC_STRINGS = YES;
				SWIFT_VERSION = 5.0;
				TARGETED_DEVICE_FAMILY = "1,2";
			};
			name = Release;
		};
/* End XCBuildConfiguration section */

/* Begin XCConfigurationList section */
		8B50414C2886B16600DF29C2 /* Build configuration list for PBXProject "CryptoPlumber" */ = {
			isa = XCConfigurationList;
			buildConfigurations = (
				8B50415D2886B16A00DF29C2 /* Debug */,
				8B50415E2886B16A00DF29C2 /* Release */,
			);
			defaultConfigurationIsVisible = 0;
			defaultConfigurationName = Release;
		};
		8B50415F2886B16A00DF29C2 /* Build configuration list for PBXNativeTarget "CryptoPlumber" */ = {
			isa = XCConfigurationList;
			buildConfigurations = (
				8B5041602886B16A00DF29C2 /* Debug */,
				8B5041612886B16A00DF29C2 /* Release */,
			);
			defaultConfigurationIsVisible = 0;
			defaultConfigurationName = Release;
		};
/* End XCConfigurationList section */
	};
	rootObject = 8B5041492886B16600DF29C2 /* Project object */;
}
